
Microsoft Visual Studio Solution File, Format Version 12.00
# Visual Studio Version 17
VisualStudioVersion = 17.7.34031.279
MinimumVisualStudioVersion = 10.0.40219.1
Project("{2150E333-8FDC-42A3-9474-1A3956D46DE8}") = "src", "src", "{D3500E7E-DB0D-444F-8FDC-93732EF2F6B6}"
EndProject
Project("{2150E333-8FDC-42A3-9474-1A3956D46DE8}") = "NeAvito", "NeAvito", "{07FFDD71-851D-4692-9666-7E5A5E41777E}"
EndProject
Project("{2150E333-8FDC-42A3-9474-1A3956D46DE8}") = "Application", "Application", "{6B2F07C7-1413-4CE6-AA8D-81A8BDD3840A}"
EndProject
Project("{2150E333-8FDC-42A3-9474-1A3956D46DE8}") = "Clients", "Clients", "{90DD2128-1E74-4BFF-8126-7DFBE39737B4}"
EndProject
Project("{2150E333-8FDC-42A3-9474-1A3956D46DE8}") = "Contracts", "Contracts", "{C59BF110-4E47-455E-8ED9-0A674FB96449}"
EndProject
Project("{2150E333-8FDC-42A3-9474-1A3956D46DE8}") = "Domain", "Domain", "{9019C1EB-9A9B-430D-A473-63AF3BA41509}"
EndProject
Project("{2150E333-8FDC-42A3-9474-1A3956D46DE8}") = "Hosts", "Hosts", "{078DA6A2-4AE0-4AC9-8829-3BDEAD4C91AA}"
EndProject
Project("{2150E333-8FDC-42A3-9474-1A3956D46DE8}") = "Infrastructure", "Infrastructure", "{1F9466A8-C1FA-415E-BE5C-DCA0E280F923}"
EndProject
Project("{9A19103F-16F7-4668-BE54-9A1E7A4F7556}") = "NeAvito.Application.AppServices", "src\NeAvito\Application\NeAvito.Application.AppServices\NeAvito.Application.AppServices.csproj", "{59B9CC0B-EA95-455C-964C-6635D84CDF88}"
EndProject
Project("{9A19103F-16F7-4668-BE54-9A1E7A4F7556}") = "NeAvito.Clients", "src\NeAvito\Clients\NeAvito.Clients\NeAvito.Clients.csproj", "{2692A1D3-47C6-4781-8BA1-8BC7A43A4AFB}"
EndProject
Project("{9A19103F-16F7-4668-BE54-9A1E7A4F7556}") = "NeAvito.Contracts", "src\NeAvito\Contracts\NeAvito.Contracts\NeAvito.Contracts.csproj", "{B5221A15-330E-4043-A6F7-53E78B7FDCC2}"
EndProject
Project("{9A19103F-16F7-4668-BE54-9A1E7A4F7556}") = "NeAvito.Domain", "src\NeAvito\Domain\NeAvito.Domain\NeAvito.Domain.csproj", "{A4968F60-502D-4355-83D8-A774710E5DEE}"
EndProject
Project("{9A19103F-16F7-4668-BE54-9A1E7A4F7556}") = "NeAvito.Infrastructure", "src\NeAvito\Infrastructure\NeAvito.Infrastructure\NeAvito.Infrastructure.csproj", "{0ADDFA72-4AB4-4B2C-B98F-BD32F7093814}"
EndProject
Project("{9A19103F-16F7-4668-BE54-9A1E7A4F7556}") = "NeAvito.Infrastructure.DataAccess", "src\NeAvito\Infrastructure\NeAvito.Infrastructure.DataAccess\NeAvito.Infrastructure.DataAccess.csproj", "{C4B24E1F-3ED4-49A5-9F68-B43C5FD47507}"
EndProject
Project("{9A19103F-16F7-4668-BE54-9A1E7A4F7556}") = "NeAvito.Infrastructure.ComponentRegistrar", "src\NeAvito\Infrastructure\NeAvito.Infrastructure.ComponentRegistrar\NeAvito.Infrastructure.ComponentRegistrar.csproj", "{A4A5B3B4-B984-4CC1-88CD-E8039F6E1F54}"
EndProject
Project("{9A19103F-16F7-4668-BE54-9A1E7A4F7556}") = "NeAvito.Hosts.Api", "src\NeAvito\Hosts\NeAvito.Hosts.Api\NeAvito.Hosts.Api.csproj", "{428AB9C6-6C5A-4320-86FD-9ED0743B0131}"
EndProject
Global
	GlobalSection(SolutionConfigurationPlatforms) = preSolution
		Debug|Any CPU = Debug|Any CPU
		Release|Any CPU = Release|Any CPU
	EndGlobalSection
	GlobalSection(ProjectConfigurationPlatforms) = postSolution
		{59B9CC0B-EA95-455C-964C-6635D84CDF88}.Debug|Any CPU.ActiveCfg = Debug|Any CPU
		{59B9CC0B-EA95-455C-964C-6635D84CDF88}.Debug|Any CPU.Build.0 = Debug|Any CPU
		{59B9CC0B-EA95-455C-964C-6635D84CDF88}.Release|Any CPU.ActiveCfg = Release|Any CPU
		{59B9CC0B-EA95-455C-964C-6635D84CDF88}.Release|Any CPU.Build.0 = Release|Any CPU
		{2692A1D3-47C6-4781-8BA1-8BC7A43A4AFB}.Debug|Any CPU.ActiveCfg = Debug|Any CPU
		{2692A1D3-47C6-4781-8BA1-8BC7A43A4AFB}.Debug|Any CPU.Build.0 = Debug|Any CPU
		{2692A1D3-47C6-4781-8BA1-8BC7A43A4AFB}.Release|Any CPU.ActiveCfg = Release|Any CPU
		{2692A1D3-47C6-4781-8BA1-8BC7A43A4AFB}.Release|Any CPU.Build.0 = Release|Any CPU
		{B5221A15-330E-4043-A6F7-53E78B7FDCC2}.Debug|Any CPU.ActiveCfg = Debug|Any CPU
		{B5221A15-330E-4043-A6F7-53E78B7FDCC2}.Debug|Any CPU.Build.0 = Debug|Any CPU
		{B5221A15-330E-4043-A6F7-53E78B7FDCC2}.Release|Any CPU.ActiveCfg = Release|Any CPU
		{B5221A15-330E-4043-A6F7-53E78B7FDCC2}.Release|Any CPU.Build.0 = Release|Any CPU
		{A4968F60-502D-4355-83D8-A774710E5DEE}.Debug|Any CPU.ActiveCfg = Debug|Any CPU
		{A4968F60-502D-4355-83D8-A774710E5DEE}.Debug|Any CPU.Build.0 = Debug|Any CPU
		{A4968F60-502D-4355-83D8-A774710E5DEE}.Release|Any CPU.ActiveCfg = Release|Any CPU
		{A4968F60-502D-4355-83D8-A774710E5DEE}.Release|Any CPU.Build.0 = Release|Any CPU
		{0ADDFA72-4AB4-4B2C-B98F-BD32F7093814}.Debug|Any CPU.ActiveCfg = Debug|Any CPU
		{0ADDFA72-4AB4-4B2C-B98F-BD32F7093814}.Debug|Any CPU.Build.0 = Debug|Any CPU
		{0ADDFA72-4AB4-4B2C-B98F-BD32F7093814}.Release|Any CPU.ActiveCfg = Release|Any CPU
		{0ADDFA72-4AB4-4B2C-B98F-BD32F7093814}.Release|Any CPU.Build.0 = Release|Any CPU
		{C4B24E1F-3ED4-49A5-9F68-B43C5FD47507}.Debug|Any CPU.ActiveCfg = Debug|Any CPU
		{C4B24E1F-3ED4-49A5-9F68-B43C5FD47507}.Debug|Any CPU.Build.0 = Debug|Any CPU
		{C4B24E1F-3ED4-49A5-9F68-B43C5FD47507}.Release|Any CPU.ActiveCfg = Release|Any CPU
		{C4B24E1F-3ED4-49A5-9F68-B43C5FD47507}.Release|Any CPU.Build.0 = Release|Any CPU
		{A4A5B3B4-B984-4CC1-88CD-E8039F6E1F54}.Debug|Any CPU.ActiveCfg = Debug|Any CPU
		{A4A5B3B4-B984-4CC1-88CD-E8039F6E1F54}.Debug|Any CPU.Build.0 = Debug|Any CPU
		{A4A5B3B4-B984-4CC1-88CD-E8039F6E1F54}.Release|Any CPU.ActiveCfg = Release|Any CPU
		{A4A5B3B4-B984-4CC1-88CD-E8039F6E1F54}.Release|Any CPU.Build.0 = Release|Any CPU
		{428AB9C6-6C5A-4320-86FD-9ED0743B0131}.Debug|Any CPU.ActiveCfg = Debug|Any CPU
		{428AB9C6-6C5A-4320-86FD-9ED0743B0131}.Debug|Any CPU.Build.0 = Debug|Any CPU
		{428AB9C6-6C5A-4320-86FD-9ED0743B0131}.Release|Any CPU.ActiveCfg = Release|Any CPU
		{428AB9C6-6C5A-4320-86FD-9ED0743B0131}.Release|Any CPU.Build.0 = Release|Any CPU
	EndGlobalSection
	GlobalSection(SolutionProperties) = preSolution
		HideSolutionNode = FALSE
	EndGlobalSection
	GlobalSection(NestedProjects) = preSolution
		{07FFDD71-851D-4692-9666-7E5A5E41777E} = {D3500E7E-DB0D-444F-8FDC-93732EF2F6B6}
		{6B2F07C7-1413-4CE6-AA8D-81A8BDD3840A} = {07FFDD71-851D-4692-9666-7E5A5E41777E}
		{90DD2128-1E74-4BFF-8126-7DFBE39737B4} = {07FFDD71-851D-4692-9666-7E5A5E41777E}
		{C59BF110-4E47-455E-8ED9-0A674FB96449} = {07FFDD71-851D-4692-9666-7E5A5E41777E}
		{9019C1EB-9A9B-430D-A473-63AF3BA41509} = {07FFDD71-851D-4692-9666-7E5A5E41777E}
		{078DA6A2-4AE0-4AC9-8829-3BDEAD4C91AA} = {07FFDD71-851D-4692-9666-7E5A5E41777E}
		{1F9466A8-C1FA-415E-BE5C-DCA0E280F923} = {07FFDD71-851D-4692-9666-7E5A5E41777E}
		{59B9CC0B-EA95-455C-964C-6635D84CDF88} = {6B2F07C7-1413-4CE6-AA8D-81A8BDD3840A}
		{2692A1D3-47C6-4781-8BA1-8BC7A43A4AFB} = {90DD2128-1E74-4BFF-8126-7DFBE39737B4}
		{B5221A15-330E-4043-A6F7-53E78B7FDCC2} = {C59BF110-4E47-455E-8ED9-0A674FB96449}
		{A4968F60-502D-4355-83D8-A774710E5DEE} = {9019C1EB-9A9B-430D-A473-63AF3BA41509}
		{0ADDFA72-4AB4-4B2C-B98F-BD32F7093814} = {1F9466A8-C1FA-415E-BE5C-DCA0E280F923}
		{C4B24E1F-3ED4-49A5-9F68-B43C5FD47507} = {1F9466A8-C1FA-415E-BE5C-DCA0E280F923}
		{A4A5B3B4-B984-4CC1-88CD-E8039F6E1F54} = {1F9466A8-C1FA-415E-BE5C-DCA0E280F923}
		{428AB9C6-6C5A-4320-86FD-9ED0743B0131} = {078DA6A2-4AE0-4AC9-8829-3BDEAD4C91AA}
	EndGlobalSection
	GlobalSection(ExtensibilityGlobals) = postSolution
		SolutionGuid = {8B253B73-F441-4C34-9272-201C93AAF565}
	EndGlobalSection
EndGlobal
